
Microsoft Visual Studio Solution File, Format Version 12.00
# Visual Studio Version 17
VisualStudioVersion = 17.9.34616.47
MinimumVisualStudioVersion = 10.0.40219.1
Project("{FAE04EC0-301F-11D3-BF4B-00C04F79EFBC}") = "SoftUni", "SoftUni\SoftUni.csproj", "{883A20B9-8C15-4968-B083-BD981583D426}"
EndProject
Global
	GlobalSection(SolutionConfigurationPlatforms) = preSolution
		Debug|Any CPU = Debug|Any CPU
		Release|Any CPU = Release|Any CPU
	EndGlobalSection
	GlobalSection(ProjectConfigurationPlatforms) = postSolution
		{883A20B9-8C15-4968-B083-BD981583D426}.Debug|Any CPU.ActiveCfg = Debug|Any CPU
		{883A20B9-8C15-4968-B083-BD981583D426}.Debug|Any CPU.Build.0 = Debug|Any CPU
		{883A20B9-8C15-4968-B083-BD981583D426}.Release|Any CPU.ActiveCfg = Release|Any CPU
		{883A20B9-8C15-4968-B083-BD981583D426}.Release|Any CPU.Build.0 = Release|Any CPU
	EndGlobalSection
	GlobalSection(SolutionProperties) = preSolution
		HideSolutionNode = FALSE
	EndGlobalSection
	GlobalSection(ExtensibilityGlobals) = postSolution
		SolutionGuid = {1C4514CA-BF53-4CA3-A689-BB7C1A83EB48}
	EndGlobalSection
EndGlobal
