
Microsoft Visual Studio Solution File, Format Version 12.00
# Visual Studio Version 17
VisualStudioVersion = 17.9.34616.47
MinimumVisualStudioVersion = 10.0.40219.1
Project("{9A19103F-16F7-4668-BE54-9A1E7A4F7556}") = "P02_FootballBetting.Data", "P02_FootballBetting.Data\P02_FootballBetting.Data\P02_FootballBetting.Data.csproj", "{0DD4A5AE-3FD1-415C-A017-8AA07C091C47}"
EndProject
Project("{9A19103F-16F7-4668-BE54-9A1E7A4F7556}") = "P02_FootballBettingSystems.Models", "P02_FootballBettingSystems.Models\P02_FootballBettingSystems.Models.csproj", "{8896FE95-B312-4E9F-8EC8-9E2FE6D6FC45}"
	ProjectSection(ProjectDependencies) = postProject
		{1CCED659-D742-47EC-965C-ED943F7AF881} = {1CCED659-D742-47EC-965C-ED943F7AF881}
	EndProjectSection
EndProject
Project("{9A19103F-16F7-4668-BE54-9A1E7A4F7556}") = "P02_FootballBetting.Common", "P02_FootballBetting.Common\P02_FootballBetting.Common.csproj", "{1CCED659-D742-47EC-965C-ED943F7AF881}"
EndProject
Global
	GlobalSection(SolutionConfigurationPlatforms) = preSolution
		Debug|Any CPU = Debug|Any CPU
		Release|Any CPU = Release|Any CPU
	EndGlobalSection
	GlobalSection(ProjectConfigurationPlatforms) = postSolution
		{0DD4A5AE-3FD1-415C-A017-8AA07C091C47}.Debug|Any CPU.ActiveCfg = Debug|Any CPU
		{0DD4A5AE-3FD1-415C-A017-8AA07C091C47}.Debug|Any CPU.Build.0 = Debug|Any CPU
		{0DD4A5AE-3FD1-415C-A017-8AA07C091C47}.Release|Any CPU.ActiveCfg = Release|Any CPU
		{0DD4A5AE-3FD1-415C-A017-8AA07C091C47}.Release|Any CPU.Build.0 = Release|Any CPU
		{8896FE95-B312-4E9F-8EC8-9E2FE6D6FC45}.Debug|Any CPU.ActiveCfg = Debug|Any CPU
		{8896FE95-B312-4E9F-8EC8-9E2FE6D6FC45}.Debug|Any CPU.Build.0 = Debug|Any CPU
		{8896FE95-B312-4E9F-8EC8-9E2FE6D6FC45}.Release|Any CPU.ActiveCfg = Release|Any CPU
		{8896FE95-B312-4E9F-8EC8-9E2FE6D6FC45}.Release|Any CPU.Build.0 = Release|Any CPU
		{1CCED659-D742-47EC-965C-ED943F7AF881}.Debug|Any CPU.ActiveCfg = Debug|Any CPU
		{1CCED659-D742-47EC-965C-ED943F7AF881}.Debug|Any CPU.Build.0 = Debug|Any CPU
		{1CCED659-D742-47EC-965C-ED943F7AF881}.Release|Any CPU.ActiveCfg = Release|Any CPU
		{1CCED659-D742-47EC-965C-ED943F7AF881}.Release|Any CPU.Build.0 = Release|Any CPU
	EndGlobalSection
	GlobalSection(SolutionProperties) = preSolution
		HideSolutionNode = FALSE
	EndGlobalSection
	GlobalSection(ExtensibilityGlobals) = postSolution
		SolutionGuid = {766DE0B2-765F-4CE0-A91B-2D9EA21F938D}
	EndGlobalSection
EndGlobal
